
Microsoft Visual Studio Solution File, Format Version 12.00
# Visual Studio 15
VisualStudioVersion = 15.0.28010.2050
MinimumVisualStudioVersion = 10.0.40219.1
Project("{FAE04EC0-301F-11D3-BF4B-00C04F79EFBC}") = "Calculadora", "Calculadora.csproj", "{004E1FD1-7DDB-4B7D-BF5D-10F0A282EA6C}"
EndProject
Global
	GlobalSection(SolutionConfigurationPlatforms) = preSolution
		Debug|Any CPU = Debug|Any CPU
		Release|Any CPU = Release|Any CPU
	EndGlobalSection
	GlobalSection(ProjectConfigurationPlatforms) = postSolution
		{004E1FD1-7DDB-4B7D-BF5D-10F0A282EA6C}.Debug|Any CPU.ActiveCfg = Debug|Any CPU
		{004E1FD1-7DDB-4B7D-BF5D-10F0A282EA6C}.Debug|Any CPU.Build.0 = Debug|Any CPU
		{004E1FD1-7DDB-4B7D-BF5D-10F0A282EA6C}.Release|Any CPU.ActiveCfg = Release|Any CPU
		{004E1FD1-7DDB-4B7D-BF5D-10F0A282EA6C}.Release|Any CPU.Build.0 = Release|Any CPU
	EndGlobalSection
	GlobalSection(SolutionProperties) = preSolution
		HideSolutionNode = FALSE
	EndGlobalSection
	GlobalSection(ExtensibilityGlobals) = postSolution
		SolutionGuid = {0FD51F0A-09EC-414C-B984-B22D7150699F}
	EndGlobalSection
EndGlobal
